# This file is automatically @generated by Cargo.
# It is not intended for manual editing.
version = 4

[[package]]
name = "const_format"
version = "0.2.34"
source = "registry+https://github.com/rust-lang/crates.io-index"
checksum = "126f97965c8ad46d6d9163268ff28432e8f6a1196a55578867832e3049df63dd"
dependencies = [
 "const_format_proc_macros",
]

[[package]]
name = "const_format_proc_macros"
version = "0.2.34"
source = "registry+https://github.com/rust-lang/crates.io-index"
checksum = "1d57c2eccfb16dbac1f4e61e206105db5820c9d26c3c472bc17c774259ef7744"
dependencies = [
 "proc-macro2",
 "quote",
 "unicode-xid",
]

[[package]]
name = "libc"
version = "0.2.172"
source = "registry+https://github.com/rust-lang/crates.io-index"
checksum = "d750af042f7ef4f724306de029d18836c26c1765a54a6a3f094cbd23a7267ffa"

[[package]]
name = "nvim-oxi"
version = "0.6.0"
source = "git+https://github.com/noib3/nvim-oxi.git?rev=dfdfe59d9d8328452019f697292d4bd2eed95a56#dfdfe59d9d8328452019f697292d4bd2eed95a56"
dependencies = [
 "nvim-oxi-api",
 "nvim-oxi-luajit",
 "nvim-oxi-macros",
 "nvim-oxi-types",
 "thiserror",
]

[[package]]
name = "nvim-oxi-api"
version = "0.6.0"
source = "git+https://github.com/noib3/nvim-oxi.git?rev=dfdfe59d9d8328452019f697292d4bd2eed95a56#dfdfe59d9d8328452019f697292d4bd2eed95a56"
dependencies = [
 "nvim-oxi-luajit",
 "nvim-oxi-macros",
 "nvim-oxi-types",
 "serde",
 "serde_repr",
 "thiserror",
]

[[package]]
name = "nvim-oxi-luajit"
version = "0.6.0"
source = "git+https://github.com/noib3/nvim-oxi.git?rev=dfdfe59d9d8328452019f697292d4bd2eed95a56#dfdfe59d9d8328452019f697292d4bd2eed95a56"
dependencies = [
 "thiserror",
]

[[package]]
name = "nvim-oxi-macros"
version = "0.6.0"
source = "git+https://github.com/noib3/nvim-oxi.git?rev=dfdfe59d9d8328452019f697292d4bd2eed95a56#dfdfe59d9d8328452019f697292d4bd2eed95a56"
dependencies = [
 "proc-macro2",
 "quote",
 "syn",
]

[[package]]
name = "nvim-oxi-types"
version = "0.6.0"
source = "git+https://github.com/noib3/nvim-oxi.git?rev=dfdfe59d9d8328452019f697292d4bd2eed95a56#dfdfe59d9d8328452019f697292d4bd2eed95a56"
dependencies = [
 "libc",
 "nvim-oxi-luajit",
 "serde",
 "thiserror",
]

[[package]]
name = "proc-macro2"
version = "1.0.95"
source = "registry+https://github.com/rust-lang/crates.io-index"
checksum = "02b3e5e68a3a1a02aad3ec490a98007cbc13c37cbe84a3cd7b8e406d76e7f778"
dependencies = [
 "unicode-ident",
]

[[package]]
name = "quote"
version = "1.0.40"
source = "registry+https://github.com/rust-lang/crates.io-index"
checksum = "1885c039570dc00dcb4ff087a89e185fd56bae234ddc7f056a945bf36467248d"
dependencies = [
 "proc-macro2",
]

[[package]]
name = "serde"
version = "1.0.219"
source = "registry+https://github.com/rust-lang/crates.io-index"
checksum = "5f0e2c6ed6606019b4e29e69dbaba95b11854410e5347d525002456dbbb786b6"
dependencies = [
 "serde_derive",
]

[[package]]
name = "serde_derive"
version = "1.0.219"
source = "registry+https://github.com/rust-lang/crates.io-index"
checksum = "5b0276cf7f2c73365f7157c8123c21cd9a50fbbd844757af28ca1f5925fc2a00"
dependencies = [
 "proc-macro2",
 "quote",
 "syn",
]

[[package]]
name = "serde_repr"
version = "0.1.20"
source = "registry+https://github.com/rust-lang/crates.io-index"
checksum = "175ee3e80ae9982737ca543e96133087cbd9a485eecc3bc4de9c1a37b47ea59c"
dependencies = [
 "proc-macro2",
 "quote",
 "syn",
]

[[package]]
name = "syn"
version = "2.0.101"
source = "registry+https://github.com/rust-lang/crates.io-index"
checksum = "8ce2b7fc941b3a24138a0a7cf8e858bfc6a992e7978a068a5c760deb0ed43caf"
dependencies = [
 "proc-macro2",
 "quote",
 "unicode-ident",
]

[[package]]
name = "thiserror"
version = "2.0.12"
source = "registry+https://github.com/rust-lang/crates.io-index"
checksum = "567b8a2dae586314f7be2a752ec7474332959c6460e02bde30d702a66d488708"
dependencies = [
 "thiserror-impl",
]

[[package]]
name = "thiserror-impl"
version = "2.0.12"
source = "registry+https://github.com/rust-lang/crates.io-index"
checksum = "7f7cf42b4507d8ea322120659672cf1b9dbb93f8f2d4ecfd6e51350ff5b17a1d"
dependencies = [
 "proc-macro2",
 "quote",
 "syn",
]

[[package]]
name = "unicode-ident"
version = "1.0.18"
source = "registry+https://github.com/rust-lang/crates.io-index"
checksum = "5a5f39404a5da50712a4c1eecf25e90dd62b613502b7e925fd4e4d19b5c96512"

[[package]]
name = "unicode-xid"
version = "0.2.6"
source = "registry+https://github.com/rust-lang/crates.io-index"
checksum = "ebc1c04c71510c7f702b52b7c350734c9ff1295c464a03335b00bb84fc54f853"

[[package]]
name = "vity-nvim"
version = "0.1.0"
dependencies = [
 "const_format",
 "nvim-oxi",
]
